// !$*UTF8*$!
{
	archiveVersion = 1;
	classes = {
	};
	objectVersion = 55;
	objects = {

/* Begin PBXBuildFile section */
		968AFBEE28B8543600E927C7 /* AppDelegate.swift in Sources */ = {isa = PBXBuildFile; fileRef = 968AFBED28B8543600E927C7 /* AppDelegate.swift */; };
		968AFBF028B8543600E927C7 /* SceneDelegate.swift in Sources */ = {isa = PBXBuildFile; fileRef = 968AFBEF28B8543600E927C7 /* SceneDelegate.swift */; };
		968AFBF228B8543600E927C7 /* ViewController.swift in Sources */ = {isa = PBXBuildFile; fileRef = 968AFBF128B8543600E927C7 /* ViewController.swift */; };
		968AFBF528B8543600E927C7 /* Main.storyboard in Resources */ = {isa = PBXBuildFile; fileRef = 968AFBF328B8543600E927C7 /* Main.storyboard */; };
		968AFBF728B8543A00E927C7 /* Assets.xcassets in Resources */ = {isa = PBXBuildFile; fileRef = 968AFBF628B8543A00E927C7 /* Assets.xcassets */; };
		968AFBFA28B8543A00E927C7 /* LaunchScreen.storyboard in Resources */ = {isa = PBXBuildFile; fileRef = 968AFBF828B8543A00E927C7 /* LaunchScreen.storyboard */; };
		968AFC0528B8543A00E927C7 /* CodePath_iOS_PreWorkTests.swift in Sources */ = {isa = PBXBuildFile; fileRef = 968AFC0428B8543A00E927C7 /* CodePath_iOS_PreWorkTests.swift */; };
		968AFC0F28B8543B00E927C7 /* CodePath_iOS_PreWorkUITests.swift in Sources */ = {isa = PBXBuildFile; fileRef = 968AFC0E28B8543B00E927C7 /* CodePath_iOS_PreWorkUITests.swift */; };
		968AFC1128B8543B00E927C7 /* CodePath_iOS_PreWorkUITestsLaunchTests.swift in Sources */ = {isa = PBXBuildFile; fileRef = 968AFC1028B8543B00E927C7 /* CodePath_iOS_PreWorkUITestsLaunchTests.swift */; };
/* End PBXBuildFile section */

/* Begin PBXContainerItemProxy section */
		968AFC0128B8543A00E927C7 /* PBXContainerItemProxy */ = {
			isa = PBXContainerItemProxy;
			containerPortal = 968AFBE228B8543600E927C7 /* Project object */;
			proxyType = 1;
			remoteGlobalIDString = 968AFBE928B8543600E927C7;
			remoteInfo = "CodePath iOS PreWork";
		};
		968AFC0B28B8543B00E927C7 /* PBXContainerItemProxy */ = {
			isa = PBXContainerItemProxy;
			containerPortal = 968AFBE228B8543600E927C7 /* Project object */;
			proxyType = 1;
			remoteGlobalIDString = 968AFBE928B8543600E927C7;
			remoteInfo = "CodePath iOS PreWork";
		};
/* End PBXContainerItemProxy section */

/* Begin PBXFileReference section */
		968AFBEA28B8543600E927C7 /* CodePath iOS PreWork.app */ = {isa = PBXFileReference; explicitFileType = wrapper.application; includeInIndex = 0; path = "CodePath iOS PreWork.app"; sourceTree = BUILT_PRODUCTS_DIR; };
		968AFBED28B8543600E927C7 /* AppDelegate.swift */ = {isa = PBXFileReference; lastKnownFileType = sourcecode.swift; path = AppDelegate.swift; sourceTree = "<group>"; };
		968AFBEF28B8543600E927C7 /* SceneDelegate.swift */ = {isa = PBXFileReference; lastKnownFileType = sourcecode.swift; path = SceneDelegate.swift; sourceTree = "<group>"; };
		968AFBF128B8543600E927C7 /* ViewController.swift */ = {isa = PBXFileReference; lastKnownFileType = sourcecode.swift; path = ViewController.swift; sourceTree = "<group>"; };
		968AFBF428B8543600E927C7 /* Base */ = {isa = PBXFileReference; lastKnownFileType = file.storyboard; name = Base; path = Base.lproj/Main.storyboard; sourceTree = "<group>"; };
		968AFBF628B8543A00E927C7 /* Assets.xcassets */ = {isa = PBXFileReference; lastKnownFileType = folder.assetcatalog; path = Assets.xcassets; sourceTree = "<group>"; };
		968AFBF928B8543A00E927C7 /* Base */ = {isa = PBXFileReference; lastKnownFileType = file.storyboard; name = Base; path = Base.lproj/LaunchScreen.storyboard; sourceTree = "<group>"; };
		968AFBFB28B8543A00E927C7 /* Info.plist */ = {isa = PBXFileReference; lastKnownFileType = text.plist.xml; path = Info.plist; sourceTree = "<group>"; };
		968AFC0028B8543A00E927C7 /* CodePath iOS PreWorkTests.xctest */ = {isa = PBXFileReference; explicitFileType = wrapper.cfbundle; includeInIndex = 0; path = "CodePath iOS PreWorkTests.xctest"; sourceTree = BUILT_PRODUCTS_DIR; };
		968AFC0428B8543A00E927C7 /* CodePath_iOS_PreWorkTests.swift */ = {isa = PBXFileReference; lastKnownFileType = sourcecode.swift; path = CodePath_iOS_PreWorkTests.swift; sourceTree = "<group>"; };
		968AFC0A28B8543B00E927C7 /* CodePath iOS PreWorkUITests.xctest */ = {isa = PBXFileReference; explicitFileType = wrapper.cfbundle; includeInIndex = 0; path = "CodePath iOS PreWorkUITests.xctest"; sourceTree = BUILT_PRODUCTS_DIR; };
		968AFC0E28B8543B00E927C7 /* CodePath_iOS_PreWorkUITests.swift */ = {isa = PBXFileReference; lastKnownFileType = sourcecode.swift; path = CodePath_iOS_PreWorkUITests.swift; sourceTree = "<group>"; };
		968AFC1028B8543B00E927C7 /* CodePath_iOS_PreWorkUITestsLaunchTests.swift */ = {isa = PBXFileReference; lastKnownFileType = sourcecode.swift; path = CodePath_iOS_PreWorkUITestsLaunchTests.swift; sourceTree = "<group>"; };
/* End PBXFileReference section */

/* Begin PBXFrameworksBuildPhase section */
		968AFBE728B8543600E927C7 /* Frameworks */ = {
			isa = PBXFrameworksBuildPhase;
			buildActionMask = 2147483647;
			files = (
			);
			runOnlyForDeploymentPostprocessing = 0;
		};
		968AFBFD28B8543A00E927C7 /* Frameworks */ = {
			isa = PBXFrameworksBuildPhase;
			buildActionMask = 2147483647;
			files = (
			);
			runOnlyForDeploymentPostprocessing = 0;
		};
		968AFC0728B8543B00E927C7 /* Frameworks */ = {
			isa = PBXFrameworksBuildPhase;
			buildActionMask = 2147483647;
			files = (
			);
			runOnlyForDeploymentPostprocessing = 0;
		};
/* End PBXFrameworksBuildPhase section */

/* Begin PBXGroup section */
		968AFBE128B8543600E927C7 = {
			isa = PBXGroup;
			children = (
				968AFBEC28B8543600E927C7 /* CodePath iOS PreWork */,
				968AFC0328B8543A00E927C7 /* CodePath iOS PreWorkTests */,
				968AFC0D28B8543B00E927C7 /* CodePath iOS PreWorkUITests */,
				968AFBEB28B8543600E927C7 /* Products */,
			);
			sourceTree = "<group>";
		};
		968AFBEB28B8543600E927C7 /* Products */ = {
			isa = PBXGroup;
			children = (
				968AFBEA28B8543600E927C7 /* CodePath iOS PreWork.app */,
				968AFC0028B8543A00E927C7 /* CodePath iOS PreWorkTests.xctest */,
				968AFC0A28B8543B00E927C7 /* CodePath iOS PreWorkUITests.xctest */,
			);
			name = Products;
			sourceTree = "<group>";
		};
		968AFBEC28B8543600E927C7 /* CodePath iOS PreWork */ = {
			isa = PBXGroup;
			children = (
				968AFBED28B8543600E927C7 /* AppDelegate.swift */,
				968AFBEF28B8543600E927C7 /* SceneDelegate.swift */,
				968AFBF128B8543600E927C7 /* ViewController.swift */,
				968AFBF328B8543600E927C7 /* Main.storyboard */,
				968AFBF628B8543A00E927C7 /* Assets.xcassets */,
				968AFBF828B8543A00E927C7 /* LaunchScreen.storyboard */,
				968AFBFB28B8543A00E927C7 /* Info.plist */,
			);
			path = "CodePath iOS PreWork";
			sourceTree = "<group>";
		};
		968AFC0328B8543A00E927C7 /* CodePath iOS PreWorkTests */ = {
			isa = PBXGroup;
			children = (
				968AFC0428B8543A00E927C7 /* CodePath_iOS_PreWorkTests.swift */,
			);
			path = "CodePath iOS PreWorkTests";
			sourceTree = "<group>";
		};
		968AFC0D28B8543B00E927C7 /* CodePath iOS PreWorkUITests */ = {
			isa = PBXGroup;
			children = (
				968AFC0E28B8543B00E927C7 /* CodePath_iOS_PreWorkUITests.swift */,
				968AFC1028B8543B00E927C7 /* CodePath_iOS_PreWorkUITestsLaunchTests.swift */,
			);
			path = "CodePath iOS PreWorkUITests";
			sourceTree = "<group>";
		};
/* End PBXGroup section */

/* Begin PBXNativeTarget section */
		968AFBE928B8543600E927C7 /* CodePath iOS PreWork */ = {
			isa = PBXNativeTarget;
			buildConfigurationList = 968AFC1428B8543B00E927C7 /* Build configuration list for PBXNativeTarget "CodePath iOS PreWork" */;
			buildPhases = (
				968AFBE628B8543600E927C7 /* Sources */,
				968AFBE728B8543600E927C7 /* Frameworks */,
				968AFBE828B8543600E927C7 /* Resources */,
			);
			buildRules = (
			);
			dependencies = (
			);
			name = "CodePath iOS PreWork";
			productName = "CodePath iOS PreWork";
			productReference = 968AFBEA28B8543600E927C7 /* CodePath iOS PreWork.app */;
			productType = "com.apple.product-type.application";
		};
		968AFBFF28B8543A00E927C7 /* CodePath iOS PreWorkTests */ = {
			isa = PBXNativeTarget;
			buildConfigurationList = 968AFC1728B8543B00E927C7 /* Build configuration list for PBXNativeTarget "CodePath iOS PreWorkTests" */;
			buildPhases = (
				968AFBFC28B8543A00E927C7 /* Sources */,
				968AFBFD28B8543A00E927C7 /* Frameworks */,
				968AFBFE28B8543A00E927C7 /* Resources */,
			);
			buildRules = (
			);
			dependencies = (
				968AFC0228B8543A00E927C7 /* PBXTargetDependency */,
			);
			name = "CodePath iOS PreWorkTests";
			productName = "CodePath iOS PreWorkTests";
			productReference = 968AFC0028B8543A00E927C7 /* CodePath iOS PreWorkTests.xctest */;
			productType = "com.apple.product-type.bundle.unit-test";
		};
		968AFC0928B8543B00E927C7 /* CodePath iOS PreWorkUITests */ = {
			isa = PBXNativeTarget;
			buildConfigurationList = 968AFC1A28B8543B00E927C7 /* Build configuration list for PBXNativeTarget "CodePath iOS PreWorkUITests" */;
			buildPhases = (
				968AFC0628B8543B00E927C7 /* Sources */,
				968AFC0728B8543B00E927C7 /* Frameworks */,
				968AFC0828B8543B00E927C7 /* Resources */,
			);
			buildRules = (
			);
			dependencies = (
				968AFC0C28B8543B00E927C7 /* PBXTargetDependency */,
			);
			name = "CodePath iOS PreWorkUITests";
			productName = "CodePath iOS PreWorkUITests";
			productReference = 968AFC0A28B8543B00E927C7 /* CodePath iOS PreWorkUITests.xctest */;
			productType = "com.apple.product-type.bundle.ui-testing";
		};
/* End PBXNativeTarget section */

/* Begin PBXProject section */
		968AFBE228B8543600E927C7 /* Project object */ = {
			isa = PBXProject;
			attributes = {
				BuildIndependentTargetsInParallel = 1;
				LastSwiftUpdateCheck = 1340;
				LastUpgradeCheck = 1340;
				TargetAttributes = {
					968AFBE928B8543600E927C7 = {
						CreatedOnToolsVersion = 13.4.1;
					};
					968AFBFF28B8543A00E927C7 = {
						CreatedOnToolsVersion = 13.4.1;
						TestTargetID = 968AFBE928B8543600E927C7;
					};
					968AFC0928B8543B00E927C7 = {
						CreatedOnToolsVersion = 13.4.1;
						TestTargetID = 968AFBE928B8543600E927C7;
					};
				};
			};
			buildConfigurationList = 968AFBE528B8543600E927C7 /* Build configuration list for PBXProject "CodePath iOS PreWork" */;
			compatibilityVersion = "Xcode 13.0";
			developmentRegion = en;
			hasScannedForEncodings = 0;
			knownRegions = (
				en,
				Base,
			);
			mainGroup = 968AFBE128B8543600E927C7;
			productRefGroup = 968AFBEB28B8543600E927C7 /* Products */;
			projectDirPath = "";
			projectRoot = "";
			targets = (
				968AFBE928B8543600E927C7 /* CodePath iOS PreWork */,
				968AFBFF28B8543A00E927C7 /* CodePath iOS PreWorkTests */,
				968AFC0928B8543B00E927C7 /* CodePath iOS PreWorkUITests */,
			);
		};
/* End PBXProject section */

/* Begin PBXResourcesBuildPhase section */
		968AFBE828B8543600E927C7 /* Resources */ = {
			isa = PBXResourcesBuildPhase;
			buildActionMask = 2147483647;
			files = (
				968AFBFA28B8543A00E927C7 /* LaunchScreen.storyboard in Resources */,
				968AFBF728B8543A00E927C7 /* Assets.xcassets in Resources */,
				968AFBF528B8543600E927C7 /* Main.storyboard in Resources */,
			);
			runOnlyForDeploymentPostprocessing = 0;
		};
		968AFBFE28B8543A00E927C7 /* Resources */ = {
			isa = PBXResourcesBuildPhase;
			buildActionMask = 2147483647;
			files = (
			);
			runOnlyForDeploymentPostprocessing = 0;
		};
		968AFC0828B8543B00E927C7 /* Resources */ = {
			isa = PBXResourcesBuildPhase;
			buildActionMask = 2147483647;
			files = (
			);
			runOnlyForDeploymentPostprocessing = 0;
		};
/* End PBXResourcesBuildPhase section */

/* Begin PBXSourcesBuildPhase section */
		968AFBE628B8543600E927C7 /* Sources */ = {
			isa = PBXSourcesBuildPhase;
			buildActionMask = 2147483647;
			files = (
				968AFBF228B8543600E927C7 /* ViewController.swift in Sources */,
				968AFBEE28B8543600E927C7 /* AppDelegate.swift in Sources */,
				968AFBF028B8543600E927C7 /* SceneDelegate.swift in Sources */,
			);
			runOnlyForDeploymentPostprocessing = 0;
		};
		968AFBFC28B8543A00E927C7 /* Sources */ = {
			isa = PBXSourcesBuildPhase;
			buildActionMask = 2147483647;
			files = (
				968AFC0528B8543A00E927C7 /* CodePath_iOS_PreWorkTests.swift in Sources */,
			);
			runOnlyForDeploymentPostprocessing = 0;
		};
		968AFC0628B8543B00E927C7 /* Sources */ = {
			isa = PBXSourcesBuildPhase;
			buildActionMask = 2147483647;
			files = (
				968AFC0F28B8543B00E927C7 /* CodePath_iOS_PreWorkUITests.swift in Sources */,
				968AFC1128B8543B00E927C7 /* CodePath_iOS_PreWorkUITestsLaunchTests.swift in Sources */,
			);
			runOnlyForDeploymentPostprocessing = 0;
		};
/* End PBXSourcesBuildPhase section */

/* Begin PBXTargetDependency section */
		968AFC0228B8543A00E927C7 /* PBXTargetDependency */ = {
			isa = PBXTargetDependency;
			target = 968AFBE928B8543600E927C7 /* CodePath iOS PreWork */;
			targetProxy = 968AFC0128B8543A00E927C7 /* PBXContainerItemProxy */;
		};
		968AFC0C28B8543B00E927C7 /* PBXTargetDependency */ = {
			isa = PBXTargetDependency;
			target = 968AFBE928B8543600E927C7 /* CodePath iOS PreWork */;
			targetProxy = 968AFC0B28B8543B00E927C7 /* PBXContainerItemProxy */;
		};
/* End PBXTargetDependency section */

/* Begin PBXVariantGroup section */
		968AFBF328B8543600E927C7 /* Main.storyboard */ = {
			isa = PBXVariantGroup;
			children = (
				968AFBF428B8543600E927C7 /* Base */,
			);
			name = Main.storyboard;
			sourceTree = "<group>";
		};
		968AFBF828B8543A00E927C7 /* LaunchScreen.storyboard */ = {
			isa = PBXVariantGroup;
			children = (
				968AFBF928B8543A00E927C7 /* Base */,
			);
			name = LaunchScreen.storyboard;
			sourceTree = "<group>";
		};
/* End PBXVariantGroup section */

/* Begin XCBuildConfiguration section */
		968AFC1228B8543B00E927C7 /* Debug */ = {
			isa = XCBuildConfiguration;
			buildSettings = {
				ALWAYS_SEARCH_USER_PATHS = NO;
				CLANG_ANALYZER_NONNULL = YES;
				CLANG_ANALYZER_NUMBER_OBJECT_CONVERSION = YES_AGGRESSIVE;
				CLANG_CXX_LANGUAGE_STANDARD = "gnu++17";
				CLANG_ENABLE_MODULES = YES;
				CLANG_ENABLE_OBJC_ARC = YES;
				CLANG_ENABLE_OBJC_WEAK = YES;
				CLANG_WARN_BLOCK_CAPTURE_AUTORELEASING = YES;
				CLANG_WARN_BOOL_CONVERSION = YES;
				CLANG_WARN_COMMA = YES;
				CLANG_WARN_CONSTANT_CONVERSION = YES;
				CLANG_WARN_DEPRECATED_OBJC_IMPLEMENTATIONS = YES;
				CLANG_WARN_DIRECT_OBJC_ISA_USAGE = YES_ERROR;
				CLANG_WARN_DOCUMENTATION_COMMENTS = YES;
				CLANG_WARN_EMPTY_BODY = YES;
				CLANG_WARN_ENUM_CONVERSION = YES;
				CLANG_WARN_INFINITE_RECURSION = YES;
				CLANG_WARN_INT_CONVERSION = YES;
				CLANG_WARN_NON_LITERAL_NULL_CONVERSION = YES;
				CLANG_WARN_OBJC_IMPLICIT_RETAIN_SELF = YES;
				CLANG_WARN_OBJC_LITERAL_CONVERSION = YES;
				CLANG_WARN_OBJC_ROOT_CLASS = YES_ERROR;
				CLANG_WARN_QUOTED_INCLUDE_IN_FRAMEWORK_HEADER = YES;
				CLANG_WARN_RANGE_LOOP_ANALYSIS = YES;
				CLANG_WARN_STRICT_PROTOTYPES = YES;
				CLANG_WARN_SUSPICIOUS_MOVE = YES;
				CLANG_WARN_UNGUARDED_AVAILABILITY = YES_AGGRESSIVE;
				CLANG_WARN_UNREACHABLE_CODE = YES;
				CLANG_WARN__DUPLICATE_METHOD_MATCH = YES;
				COPY_PHASE_STRIP = NO;
				DEBUG_INFORMATION_FORMAT = dwarf;
				ENABLE_STRICT_OBJC_MSGSEND = YES;
				ENABLE_TESTABILITY = YES;
				GCC_C_LANGUAGE_STANDARD = gnu11;
				GCC_DYNAMIC_NO_PIC = NO;
				GCC_NO_COMMON_BLOCKS = YES;
				GCC_OPTIMIZATION_LEVEL = 0;
				GCC_PREPROCESSOR_DEFINITIONS = (
					"DEBUG=1",
					"$(inherited)",
				);
				GCC_WARN_64_TO_32_BIT_CONVERSION = YES;
				GCC_WARN_ABOUT_RETURN_TYPE = YES_ERROR;
				GCC_WARN_UNDECLARED_SELECTOR = YES;
				GCC_WARN_UNINITIALIZED_AUTOS = YES_AGGRESSIVE;
				GCC_WARN_UNUSED_FUNCTION = YES;
				GCC_WARN_UNUSED_VARIABLE = YES;
				IPHONEOS_DEPLOYMENT_TARGET = 15.5;
				MTL_ENABLE_DEBUG_INFO = INCLUDE_SOURCE;
				MTL_FAST_MATH = YES;
				ONLY_ACTIVE_ARCH = YES;
				SDKROOT = iphoneos;
				SWIFT_ACTIVE_COMPILATION_CONDITIONS = DEBUG;
				SWIFT_OPTIMIZATION_LEVEL = "-Onone";
			};
			name = Debug;
		};
		968AFC1328B8543B00E927C7 /* Release */ = {
			isa = XCBuildConfiguration;
			buildSettings = {
				ALWAYS_SEARCH_USER_PATHS = NO;
				CLANG_ANALYZER_NONNULL = YES;
				CLANG_ANALYZER_NUMBER_OBJECT_CONVERSION = YES_AGGRESSIVE;
				CLANG_CXX_LANGUAGE_STANDARD = "gnu++17";
				CLANG_ENABLE_MODULES = YES;
				CLANG_ENABLE_OBJC_ARC = YES;
				CLANG_ENABLE_OBJC_WEAK = YES;
				CLANG_WARN_BLOCK_CAPTURE_AUTORELEASING = YES;
				CLANG_WARN_BOOL_CONVERSION = YES;
				CLANG_WARN_COMMA = YES;
				CLANG_WARN_CONSTANT_CONVERSION = YES;
				CLANG_WARN_DEPRECATED_OBJC_IMPLEMENTATIONS = YES;
				CLANG_WARN_DIRECT_OBJC_ISA_USAGE = YES_ERROR;
				CLANG_WARN_DOCUMENTATION_COMMENTS = YES;
				CLANG_WARN_EMPTY_BODY = YES;
				CLANG_WARN_ENUM_CONVERSION = YES;
				CLANG_WARN_INFINITE_RECURSION = YES;
				CLANG_WARN_INT_CONVERSION = YES;
				CLANG_WARN_NON_LITERAL_NULL_CONVERSION = YES;
				CLANG_WARN_OBJC_IMPLICIT_RETAIN_SELF = YES;
				CLANG_WARN_OBJC_LITERAL_CONVERSION = YES;
				CLANG_WARN_OBJC_ROOT_CLASS = YES_ERROR;
				CLANG_WARN_QUOTED_INCLUDE_IN_FRAMEWORK_HEADER = YES;
				CLANG_WARN_RANGE_LOOP_ANALYSIS = YES;
				CLANG_WARN_STRICT_PROTOTYPES = YES;
				CLANG_WARN_SUSPICIOUS_MOVE = YES;
				CLANG_WARN_UNGUARDED_AVAILABILITY = YES_AGGRESSIVE;
				CLANG_WARN_UNREACHABLE_CODE = YES;
				CLANG_WARN__DUPLICATE_METHOD_MATCH = YES;
				COPY_PHASE_STRIP = NO;
				DEBUG_INFORMATION_FORMAT = "dwarf-with-dsym";
				ENABLE_NS_ASSERTIONS = NO;
				ENABLE_STRICT_OBJC_MSGSEND = YES;
				GCC_C_LANGUAGE_STANDARD = gnu11;
				GCC_NO_COMMON_BLOCKS = YES;
				GCC_WARN_64_TO_32_BIT_CONVERSION = YES;
				GCC_WARN_ABOUT_RETURN_TYPE = YES_ERROR;
				GCC_WARN_UNDECLARED_SELECTOR = YES;
				GCC_WARN_UNINITIALIZED_AUTOS = YES_AGGRESSIVE;
				GCC_WARN_UNUSED_FUNCTION = YES;
				GCC_WARN_UNUSED_VARIABLE = YES;
				IPHONEOS_DEPLOYMENT_TARGET = 15.5;
				MTL_ENABLE_DEBUG_INFO = NO;
				MTL_FAST_MATH = YES;
				SDKROOT = iphoneos;
				SWIFT_COMPILATION_MODE = wholemodule;
				SWIFT_OPTIMIZATION_LEVEL = "-O";
				VALIDATE_PRODUCT = YES;
			};
			name = Release;
		};
		968AFC1528B8543B00E927C7 /* Debug */ = {
			isa = XCBuildConfiguration;
			buildSettings = {
				ASSETCATALOG_COMPILER_APPICON_NAME = AppIcon;
				ASSETCATALOG_COMPILER_GLOBAL_ACCENT_COLOR_NAME = AccentColor;
				CODE_SIGN_STYLE = Automatic;
				CURRENT_PROJECT_VERSION = 1;
				GENERATE_INFOPLIST_FILE = YES;
				INFOPLIST_FILE = "CodePath iOS PreWork/Info.plist";
				INFOPLIST_KEY_UIApplicationSupportsIndirectInputEvents = YES;
				INFOPLIST_KEY_UILaunchStoryboardName = LaunchScreen;
				INFOPLIST_KEY_UIMainStoryboardFile = Main;
				INFOPLIST_KEY_UISupportedInterfaceOrientations_iPad = "UIInterfaceOrientationPortrait UIInterfaceOrientationPortraitUpsideDown UIInterfaceOrientationLandscapeLeft UIInterfaceOrientationLandscapeRight";
				INFOPLIST_KEY_UISupportedInterfaceOrientations_iPhone = "UIInterfaceOrientationPortrait UIInterfaceOrientationLandscapeLeft UIInterfaceOrientationLandscapeRight";
				LD_RUNPATH_SEARCH_PATHS = (
					"$(inherited)",
					"@executable_path/Frameworks",
				);
				MARKETING_VERSION = 1.0;
				PRODUCT_BUNDLE_IDENTIFIER = "ChloeCadayiOS.CodePath-iOS-PreWork";
				PRODUCT_NAME = "$(TARGET_NAME)";
				SWIFT_EMIT_LOC_STRINGS = YES;
				SWIFT_VERSION = 5.0;
				TARGETED_DEVICE_FAMILY = "1,2";
			};
			name = Debug;
		};
		968AFC1628B8543B00E927C7 /* Release */ = {
			isa = XCBuildConfiguration;
			buildSettings = {
				ASSETCATALOG_COMPILER_APPICON_NAME = AppIcon;
				ASSETCATALOG_COMPILER_GLOBAL_ACCENT_COLOR_NAME = AccentColor;
				CODE_SIGN_STYLE = Automatic;
				CURRENT_PROJECT_VERSION = 1;
				GENERATE_INFOPLIST_FILE = YES;
				INFOPLIST_FILE = "CodePath iOS PreWork/Info.plist";
				INFOPLIST_KEY_UIApplicationSupportsIndirectInputEvents = YES;
				INFOPLIST_KEY_UILaunchStoryboardName = LaunchScreen;
				INFOPLIST_KEY_UIMainStoryboardFile = Main;
				INFOPLIST_KEY_UISupportedInterfaceOrientations_iPad = "UIInterfaceOrientationPortrait UIInterfaceOrientationPortraitUpsideDown UIInterfaceOrientationLandscapeLeft UIInterfaceOrientationLandscapeRight";
				INFOPLIST_KEY_UISupportedInterfaceOrientations_iPhone = "UIInterfaceOrientationPortrait UIInterfaceOrientationLandscapeLeft UIInterfaceOrientationLandscapeRight";
				LD_RUNPATH_SEARCH_PATHS = (
					"$(inherited)",
					"@executable_path/Frameworks",
				);
				MARKETING_VERSION = 1.0;
				PRODUCT_BUNDLE_IDENTIFIER = "ChloeCadayiOS.CodePath-iOS-PreWork";
				PRODUCT_NAME = "$(TARGET_NAME)";
				SWIFT_EMIT_LOC_STRINGS = YES;
				SWIFT_VERSION = 5.0;
				TARGETED_DEVICE_FAMILY = "1,2";
			};
			name = Release;
		};
		968AFC1828B8543B00E927C7 /* Debug */ = {
			isa = XCBuildConfiguration;
			buildSettings = {
				ALWAYS_EMBED_SWIFT_STANDARD_LIBRARIES = YES;
				BUNDLE_LOADER = "$(TEST_HOST)";
				CODE_SIGN_STYLE = Automatic;
				CURRENT_PROJECT_VERSION = 1;
				GENERATE_INFOPLIST_FILE = YES;
				IPHONEOS_DEPLOYMENT_TARGET = 15.5;
				MARKETING_VERSION = 1.0;
				PRODUCT_BUNDLE_IDENTIFIER = "ChloeCadayiOS.CodePath-iOS-PreWorkTests";
				PRODUCT_NAME = "$(TARGET_NAME)";
				SWIFT_EMIT_LOC_STRINGS = NO;
				SWIFT_VERSION = 5.0;
				TARGETED_DEVICE_FAMILY = "1,2";
				TEST_HOST = "$(BUILT_PRODUCTS_DIR)/CodePath iOS PreWork.app/CodePath iOS PreWork";
			};
			name = Debug;
		};
		968AFC1928B8543B00E927C7 /* Release */ = {
			isa = XCBuildConfiguration;
			buildSettings = {
				ALWAYS_EMBED_SWIFT_STANDARD_LIBRARIES = YES;
				BUNDLE_LOADER = "$(TEST_HOST)";
				CODE_SIGN_STYLE = Automatic;
				CURRENT_PROJECT_VERSION = 1;
				GENERATE_INFOPLIST_FILE = YES;
				IPHONEOS_DEPLOYMENT_TARGET = 15.5;
				MARKETING_VERSION = 1.0;
				PRODUCT_BUNDLE_IDENTIFIER = "ChloeCadayiOS.CodePath-iOS-PreWorkTests";
				PRODUCT_NAME = "$(TARGET_NAME)";
				SWIFT_EMIT_LOC_STRINGS = NO;
				SWIFT_VERSION = 5.0;
				TARGETED_DEVICE_FAMILY = "1,2";
				TEST_HOST = "$(BUILT_PRODUCTS_DIR)/CodePath iOS PreWork.app/CodePath iOS PreWork";
			};
			name = Release;
		};
		968AFC1B28B8543B00E927C7 /* Debug */ = {
			isa = XCBuildConfiguration;
			buildSettings = {
				ALWAYS_EMBED_SWIFT_STANDARD_LIBRARIES = YES;
				CODE_SIGN_STYLE = Automatic;
				CURRENT_PROJECT_VERSION = 1;
				GENERATE_INFOPLIST_FILE = YES;
				MARKETING_VERSION = 1.0;
				PRODUCT_BUNDLE_IDENTIFIER = "ChloeCadayiOS.CodePath-iOS-PreWorkUITests";
				PRODUCT_NAME = "$(TARGET_NAME)";
				SWIFT_EMIT_LOC_STRINGS = NO;
				SWIFT_VERSION = 5.0;
				TARGETED_DEVICE_FAMILY = "1,2";
				TEST_TARGET_NAME = "CodePath iOS PreWork";
			};
			name = Debug;
		};
		968AFC1C28B8543B00E927C7 /* Release */ = {
			isa = XCBuildConfiguration;
			buildSettings = {
				ALWAYS_EMBED_SWIFT_STANDARD_LIBRARIES = YES;
				CODE_SIGN_STYLE = Automatic;
				CURRENT_PROJECT_VERSION = 1;
				GENERATE_INFOPLIST_FILE = YES;
				MARKETING_VERSION = 1.0;
				PRODUCT_BUNDLE_IDENTIFIER = "ChloeCadayiOS.CodePath-iOS-PreWorkUITests";
				PRODUCT_NAME = "$(TARGET_NAME)";
				SWIFT_EMIT_LOC_STRINGS = NO;
				SWIFT_VERSION = 5.0;
				TARGETED_DEVICE_FAMILY = "1,2";
				TEST_TARGET_NAME = "CodePath iOS PreWork";
			};
			name = Release;
		};
/* End XCBuildConfiguration section */

/* Begin XCConfigurationList section */
		968AFBE528B8543600E927C7 /* Build configuration list for PBXProject "CodePath iOS PreWork" */ = {
			isa = XCConfigurationList;
			buildConfigurations = (
				968AFC1228B8543B00E927C7 /* Debug */,
				968AFC1328B8543B00E927C7 /* Release */,
			);
			defaultConfigurationIsVisible = 0;
			defaultConfigurationName = Release;
		};
		968AFC1428B8543B00E927C7 /* Build configuration list for PBXNativeTarget "CodePath iOS PreWork" */ = {
			isa = XCConfigurationList;
			buildConfigurations = (
				968AFC1528B8543B00E927C7 /* Debug */,
				968AFC1628B8543B00E927C7 /* Release */,
			);
			defaultConfigurationIsVisible = 0;
			defaultConfigurationName = Release;
		};
		968AFC1728B8543B00E927C7 /* Build configuration list for PBXNativeTarget "CodePath iOS PreWorkTests" */ = {
			isa = XCConfigurationList;
			buildConfigurations = (
				968AFC1828B8543B00E927C7 /* Debug */,
				968AFC1928B8543B00E927C7 /* Release */,
			);
			defaultConfigurationIsVisible = 0;
			defaultConfigurationName = Release;
		};
		968AFC1A28B8543B00E927C7 /* Build configuration list for PBXNativeTarget "CodePath iOS PreWorkUITests" */ = {
			isa = XCConfigurationList;
			buildConfigurations = (
				968AFC1B28B8543B00E927C7 /* Debug */,
				968AFC1C28B8543B00E927C7 /* Release */,
			);
			defaultConfigurationIsVisible = 0;
			defaultConfigurationName = Release;
		};
/* End XCConfigurationList section */
	};
	rootObject = 968AFBE228B8543600E927C7 /* Project object */;
}
